
Microsoft Visual Studio Solution File, Format Version 12.00
# Visual Studio Version 17
VisualStudioVersion = 17.0.31919.166
MinimumVisualStudioVersion = 10.0.40219.1
Project("{FAE04EC0-301F-11D3-BF4B-00C04F79EFBC}") = "WindowsFormsApp3", "WindowsFormsApp3.csproj", "{99554ADD-3AFC-4206-9EC9-0666239BEBBD}"
EndProject
Global
	GlobalSection(SolutionConfigurationPlatforms) = preSolution
		Debug|Any CPU = Debug|Any CPU
		Release|Any CPU = Release|Any CPU
	EndGlobalSection
	GlobalSection(ProjectConfigurationPlatforms) = postSolution
		{99554ADD-3AFC-4206-9EC9-0666239BEBBD}.Debug|Any CPU.ActiveCfg = Debug|Any CPU
		{99554ADD-3AFC-4206-9EC9-0666239BEBBD}.Debug|Any CPU.Build.0 = Debug|Any CPU
		{99554ADD-3AFC-4206-9EC9-0666239BEBBD}.Release|Any CPU.ActiveCfg = Release|Any CPU
		{99554ADD-3AFC-4206-9EC9-0666239BEBBD}.Release|Any CPU.Build.0 = Release|Any CPU
	EndGlobalSection
	GlobalSection(SolutionProperties) = preSolution
		HideSolutionNode = FALSE
	EndGlobalSection
	GlobalSection(ExtensibilityGlobals) = postSolution
		SolutionGuid = {9D21B386-73B9-4EB2-9586-457925DE12A3}
	EndGlobalSection
EndGlobal
